
Microsoft Visual Studio Solution File, Format Version 12.00
# Visual Studio 15
VisualStudioVersion = 15.0.27130.2010
MinimumVisualStudioVersion = 10.0.40219.1
Project("{FAE04EC0-301F-11D3-BF4B-00C04F79EFBC}") = "TestLab", "TestLab\TestLab.csproj", "{4A57F75D-455D-4F44-BCD4-2BA521B9FD1D}"
EndProject
Global
	GlobalSection(SolutionConfigurationPlatforms) = preSolution
		Debug|Any CPU = Debug|Any CPU
		Release|Any CPU = Release|Any CPU
	EndGlobalSection
	GlobalSection(ProjectConfigurationPlatforms) = postSolution
		{4A57F75D-455D-4F44-BCD4-2BA521B9FD1D}.Debug|Any CPU.ActiveCfg = Debug|Any CPU
		{4A57F75D-455D-4F44-BCD4-2BA521B9FD1D}.Debug|Any CPU.Build.0 = Debug|Any CPU
		{4A57F75D-455D-4F44-BCD4-2BA521B9FD1D}.Release|Any CPU.ActiveCfg = Release|Any CPU
		{4A57F75D-455D-4F44-BCD4-2BA521B9FD1D}.Release|Any CPU.Build.0 = Release|Any CPU
	EndGlobalSection
	GlobalSection(SolutionProperties) = preSolution
		HideSolutionNode = FALSE
	EndGlobalSection
	GlobalSection(ExtensibilityGlobals) = postSolution
		SolutionGuid = {23EB3022-5096-4C47-B1ED-33D49DA29FC5}
	EndGlobalSection
EndGlobal
